// !$*UTF8*$!
{
	archiveVersion = 1;
	classes = {
	};
	objectVersion = 46;
	objects = {

/* Begin PBXBuildFile section */
		11CE043103064EE2A3ECB65F /* libPods-SteamKitTests.a in Frameworks */ = {isa = PBXBuildFile; fileRef = 2ACE8B7CDBFE4993B27795B5 /* libPods-SteamKitTests.a */; };
		C7C2897B72CC429EA4662B9C /* libPods-SteamKit.a in Frameworks */ = {isa = PBXBuildFile; fileRef = 430E9EC2A7ED4B04B3AFEDD4 /* libPods-SteamKit.a */; };
		D7252DF71659095100906F78 /* libz.dylib in Frameworks */ = {isa = PBXBuildFile; fileRef = D7252DF61659095100906F78 /* libz.dylib */; };
		D75CEA661659AE290047BE0F /* SKSteamClient.m in Sources */ = {isa = PBXBuildFile; fileRef = D75CEA651659AE290047BE0F /* SKSteamClient.m */; };
		D75CEA691659B15E0047BE0F /* SKClientMsgHandler.m in Sources */ = {isa = PBXBuildFile; fileRef = D75CEA681659B15E0047BE0F /* SKClientMsgHandler.m */; };
		D75CEA6D1659B33A0047BE0F /* SKSteamUser.m in Sources */ = {isa = PBXBuildFile; fileRef = D75CEA6C1659B33A0047BE0F /* SKSteamUser.m */; };
		D79BDC8D165F072E005171EA /* SKSteamApps.m in Sources */ = {isa = PBXBuildFile; fileRef = D79BDC8C165F072E005171EA /* SKSteamApps.m */; };
		D79BDC91165F082C005171EA /* SKLicence.m in Sources */ = {isa = PBXBuildFile; fileRef = D79BDC90165F082C005171EA /* SKLicence.m */; };
		D79BDC94165F0981005171EA /* SKLicenceListInfo.m in Sources */ = {isa = PBXBuildFile; fileRef = D79BDC93165F0981005171EA /* SKLicenceListInfo.m */; };
		D7A4D2D0165DE5E800DBFBE6 /* SKSteamWalletInfo.m in Sources */ = {isa = PBXBuildFile; fileRef = D7A4D2CF165DE5E800DBFBE6 /* SKSteamWalletInfo.m */; };
		D7A4D2D3165DE69700DBFBE6 /* SKSteamAccountInfo.m in Sources */ = {isa = PBXBuildFile; fileRef = D7A4D2D2165DE69700DBFBE6 /* SKSteamAccountInfo.m */; };
		D7A4D2D6165DE92200DBFBE6 /* SKNSNotificationExtensions.m in Sources */ = {isa = PBXBuildFile; fileRef = D7A4D2D5165DE92200DBFBE6 /* SKNSNotificationExtensions.m */; };
		D7A4D2D9165DE9F000DBFBE6 /* SKSteamLoggedOffInfo.m in Sources */ = {isa = PBXBuildFile; fileRef = D7A4D2D8165DE9EF00DBFBE6 /* SKSteamLoggedOffInfo.m */; };
		D7A4D2DC165DEB7C00DBFBE6 /* SKSteamFriends.m in Sources */ = {isa = PBXBuildFile; fileRef = D7A4D2DB165DEB7C00DBFBE6 /* SKSteamFriends.m */; };
		D7A4D2DF165DEBC200DBFBE6 /* _SKFriendsCache.m in Sources */ = {isa = PBXBuildFile; fileRef = D7A4D2DE165DEBC200DBFBE6 /* _SKFriendsCache.m */; };
		D7A4D2E2165DEBDA00DBFBE6 /* SKSteamFriend.m in Sources */ = {isa = PBXBuildFile; fileRef = D7A4D2E1165DEBDA00DBFBE6 /* SKSteamFriend.m */; };
		D7A4D2E5165DEF1500DBFBE6 /* SKSteamClan.m in Sources */ = {isa = PBXBuildFile; fileRef = D7A4D2E4165DEF1400DBFBE6 /* SKSteamClan.m */; };
		D7A4D2E8165DF40600DBFBE6 /* SKSteamID.m in Sources */ = {isa = PBXBuildFile; fileRef = D7A4D2E7165DF40500DBFBE6 /* SKSteamID.m */; };
		D7A4D2EB165DFF8900DBFBE6 /* _SKClientMsg.m in Sources */ = {isa = PBXBuildFile; fileRef = D7A4D2EA165DFF8900DBFBE6 /* _SKClientMsg.m */; };
		D7A4D2EE165E369200DBFBE6 /* SKSteamChatMessageInfo.m in Sources */ = {isa = PBXBuildFile; fileRef = D7A4D2ED165E369200DBFBE6 /* SKSteamChatMessageInfo.m */; };
		D7ACAE9C16586F3D009DC581 /* _SKNetFilterEncryption.m in Sources */ = {isa = PBXBuildFile; fileRef = D7ACAE9B16586F3D009DC581 /* _SKNetFilterEncryption.m */; };
		D7ACAEA016586FE8009DC581 /* NSData+AES.m in Sources */ = {isa = PBXBuildFile; fileRef = D7ACAE9F16586FE8009DC581 /* NSData+AES.m */; };
		D7ACAEA316587041009DC581 /* _SKConnection.m in Sources */ = {isa = PBXBuildFile; fileRef = D7ACAEA216587041009DC581 /* _SKConnection.m */; };
		D7ACAEA91658725F009DC581 /* _SKTCPConnection.m in Sources */ = {isa = PBXBuildFile; fileRef = D7ACAEA81658725F009DC581 /* _SKTCPConnection.m */; };
		D7ACAEB516587A9A009DC581 /* _SKCMClient.m in Sources */ = {isa = PBXBuildFile; fileRef = D7ACAEB416587A9A009DC581 /* _SKCMClient.m */; };
		D7ACAEC316588BF3009DC581 /* Content_manifest.pb.m in Sources */ = {isa = PBXBuildFile; fileRef = D7ACAEBA16588BF3009DC581 /* Content_manifest.pb.m */; settings = {COMPILER_FLAGS = "-fno-objc-arc"; }; };
		D7ACAEC416588BF3009DC581 /* Encrypted_app_ticket.pb.m in Sources */ = {isa = PBXBuildFile; fileRef = D7ACAEBC16588BF3009DC581 /* Encrypted_app_ticket.pb.m */; settings = {COMPILER_FLAGS = "-fno-objc-arc"; }; };
		D7ACAEC516588BF3009DC581 /* Iclient_objects.pb.m in Sources */ = {isa = PBXBuildFile; fileRef = D7ACAEBE16588BF3009DC581 /* Iclient_objects.pb.m */; settings = {COMPILER_FLAGS = "-fno-objc-arc"; }; };
		D7ACAEC616588BF3009DC581 /* Steammessages_base.pb.m in Sources */ = {isa = PBXBuildFile; fileRef = D7ACAEC016588BF3009DC581 /* Steammessages_base.pb.m */; settings = {COMPILER_FLAGS = "-fno-objc-arc"; }; };
		D7ACAEC716588BF3009DC581 /* Steammessages_clientserver.pb.m in Sources */ = {isa = PBXBuildFile; fileRef = D7ACAEC216588BF3009DC581 /* Steammessages_clientserver.pb.m */; settings = {COMPILER_FLAGS = "-fno-objc-arc"; }; };
		D7ACAECE16588E57009DC581 /* SteamLanguageInternal.m in Sources */ = {isa = PBXBuildFile; fileRef = D7ACAECC16588E56009DC581 /* SteamLanguageInternal.m */; };
		D7ACAED116588EFF009DC581 /* _SKMsgUtil.m in Sources */ = {isa = PBXBuildFile; fileRef = D7ACAED016588EFF009DC581 /* _SKMsgUtil.m */; };
		D7ACAED31658A25F009DC581 /* CFNetwork.framework in Frameworks */ = {isa = PBXBuildFile; fileRef = D7ACAED21658A25E009DC581 /* CFNetwork.framework */; };
		D7ACAED51658A263009DC581 /* CoreGraphics.framework in Frameworks */ = {isa = PBXBuildFile; fileRef = D7ACAED41658A262009DC581 /* CoreGraphics.framework */; };
		D7ACAED71658A2B4009DC581 /* Security.framework in Frameworks */ = {isa = PBXBuildFile; fileRef = D7ACAED61658A2B4009DC581 /* Security.framework */; };
		D7ACAEDF1658A968009DC581 /* _SKPlainPacketMsg.m in Sources */ = {isa = PBXBuildFile; fileRef = D7ACAEDE1658A967009DC581 /* _SKPlainPacketMsg.m */; };
		D7ACAEE21658AB7A009DC581 /* _SKProtobufPacketMsg.m in Sources */ = {isa = PBXBuildFile; fileRef = D7ACAEE11658AB7A009DC581 /* _SKProtobufPacketMsg.m */; };
		D7ACAEE51658AC63009DC581 /* _SKClientPacketMsg.m in Sources */ = {isa = PBXBuildFile; fileRef = D7ACAEE41658AC62009DC581 /* _SKClientPacketMsg.m */; };
		D7ACAEE71658AED3009DC581 /* _SKPacketMsg.m in Sources */ = {isa = PBXBuildFile; fileRef = D7ACAEE61658AED3009DC581 /* _SKPacketMsg.m */; };
		D7ACAEEA1658B08B009DC581 /* _SKMsg.m in Sources */ = {isa = PBXBuildFile; fileRef = D7ACAEE91658B08A009DC581 /* _SKMsg.m */; };
		D7ACAEED1658B0AF009DC581 /* _SKMsgBase.m in Sources */ = {isa = PBXBuildFile; fileRef = D7ACAEEC1658B0AE009DC581 /* _SKMsgBase.m */; };
		D7ACAEF01658B555009DC581 /* _SKKeyDictionary.m in Sources */ = {isa = PBXBuildFile; fileRef = D7ACAEEF1658B555009DC581 /* _SKKeyDictionary.m */; };
		D7ACAEF31658B693009DC581 /* NSData+RSA.m in Sources */ = {isa = PBXBuildFile; fileRef = D7ACAEF21658B693009DC581 /* NSData+RSA.m */; };
		D7ACAEF61658C30F009DC581 /* libcrypto.a in Frameworks */ = {isa = PBXBuildFile; fileRef = D7ACAEF41658C30F009DC581 /* libcrypto.a */; };
		D7ACAEF71658C30F009DC581 /* libssl.a in Frameworks */ = {isa = PBXBuildFile; fileRef = D7ACAEF51658C30F009DC581 /* libssl.a */; };
		D7ACAEFB1658DD38009DC581 /* libc++.dylib in Frameworks */ = {isa = PBXBuildFile; fileRef = D7ACAEFA1658DD37009DC581 /* libc++.dylib */; };
		D7ACAEFE1658DE47009DC581 /* _SKClientMsgProtobuf.m in Sources */ = {isa = PBXBuildFile; fileRef = D7ACAEFD1658DE46009DC581 /* _SKClientMsgProtobuf.m */; };
		D7ACAF021658E6A7009DC581 /* NSData+Multi.m in Sources */ = {isa = PBXBuildFile; fileRef = D7ACAF011658E6A7009DC581 /* NSData+Multi.m */; };
		D7EF39ED1655141A0090A8F4 /* Foundation.framework in Frameworks */ = {isa = PBXBuildFile; fileRef = D7EF39EC1655141A0090A8F4 /* Foundation.framework */; };
		D7EF39F21655141A0090A8F4 /* SteamKit.h in CopyFiles */ = {isa = PBXBuildFile; fileRef = D7EF39F11655141A0090A8F4 /* SteamKit.h */; };
		D7EF39FC1655141A0090A8F4 /* SenTestingKit.framework in Frameworks */ = {isa = PBXBuildFile; fileRef = D7EF39FB1655141A0090A8F4 /* SenTestingKit.framework */; };
		D7EF39FE1655141A0090A8F4 /* UIKit.framework in Frameworks */ = {isa = PBXBuildFile; fileRef = D7EF39FD1655141A0090A8F4 /* UIKit.framework */; };
		D7EF39FF1655141A0090A8F4 /* Foundation.framework in Frameworks */ = {isa = PBXBuildFile; fileRef = D7EF39EC1655141A0090A8F4 /* Foundation.framework */; };
		D7EF3A021655141A0090A8F4 /* libSteamKit.a in Frameworks */ = {isa = PBXBuildFile; fileRef = D7EF39E91655141A0090A8F4 /* libSteamKit.a */; };
		D7EF3A081655141A0090A8F4 /* InfoPlist.strings in Resources */ = {isa = PBXBuildFile; fileRef = D7EF3A061655141A0090A8F4 /* InfoPlist.strings */; };
		D7EF3A0B1655141A0090A8F4 /* SKSteamKitTests.m in Sources */ = {isa = PBXBuildFile; fileRef = D7EF3A0A1655141A0090A8F4 /* SKSteamKitTests.m */; };
/* End PBXBuildFile section */

/* Begin PBXContainerItemProxy section */
		D7EF3A001655141A0090A8F4 /* PBXContainerItemProxy */ = {
			isa = PBXContainerItemProxy;
			containerPortal = D7EF39E01655141A0090A8F4 /* Project object */;
			proxyType = 1;
			remoteGlobalIDString = D7EF39E81655141A0090A8F4;
			remoteInfo = SKSteamKit;
		};
/* End PBXContainerItemProxy section */

/* Begin PBXCopyFilesBuildPhase section */
		D7EF39E71655141A0090A8F4 /* CopyFiles */ = {
			isa = PBXCopyFilesBuildPhase;
			buildActionMask = 2147483647;
			dstPath = "include/${PRODUCT_NAME}";
			dstSubfolderSpec = 16;
			files = (
				D7EF39F21655141A0090A8F4 /* SteamKit.h in CopyFiles */,
			);
			runOnlyForDeploymentPostprocessing = 0;
		};
/* End PBXCopyFilesBuildPhase section */

/* Begin PBXFileReference section */
		26D82D9E0EA24D618B10AA80 /* libPods-SKSteamKitTests.a */ = {isa = PBXFileReference; explicitFileType = archive.ar; includeInIndex = 0; path = "libPods-SKSteamKitTests.a"; sourceTree = BUILT_PRODUCTS_DIR; };
		2ACE8B7CDBFE4993B27795B5 /* libPods-SteamKitTests.a */ = {isa = PBXFileReference; explicitFileType = archive.ar; includeInIndex = 0; path = "libPods-SteamKitTests.a"; sourceTree = BUILT_PRODUCTS_DIR; };
		430E9EC2A7ED4B04B3AFEDD4 /* libPods-SteamKit.a */ = {isa = PBXFileReference; explicitFileType = archive.ar; includeInIndex = 0; path = "libPods-SteamKit.a"; sourceTree = BUILT_PRODUCTS_DIR; };
		60A2AC1A72F9405D8DD71EE9 /* Pods-SteamKitTests.xcconfig */ = {isa = PBXFileReference; includeInIndex = 1; lastKnownFileType = text.xcconfig; name = "Pods-SteamKitTests.xcconfig"; path = "Pods/Pods-SteamKitTests.xcconfig"; sourceTree = SOURCE_ROOT; };
		9EAB68B889E045F683D76BA3 /* Pods-SteamKit.xcconfig */ = {isa = PBXFileReference; includeInIndex = 1; lastKnownFileType = text.xcconfig; name = "Pods-SteamKit.xcconfig"; path = "Pods/Pods-SteamKit.xcconfig"; sourceTree = SOURCE_ROOT; };
		D7252DF61659095100906F78 /* libz.dylib */ = {isa = PBXFileReference; lastKnownFileType = "compiled.mach-o.dylib"; name = libz.dylib; path = usr/lib/libz.dylib; sourceTree = SDKROOT; };
		D75CEA621659ADA50047BE0F /* _SKCMClientDelegate.h */ = {isa = PBXFileReference; lastKnownFileType = sourcecode.c.h; path = _SKCMClientDelegate.h; sourceTree = "<group>"; };
		D75CEA641659AE290047BE0F /* SKSteamClient.h */ = {isa = PBXFileReference; fileEncoding = 4; lastKnownFileType = sourcecode.c.h; path = SKSteamClient.h; sourceTree = "<group>"; };
		D75CEA651659AE290047BE0F /* SKSteamClient.m */ = {isa = PBXFileReference; fileEncoding = 4; lastKnownFileType = sourcecode.c.objc; path = SKSteamClient.m; sourceTree = "<group>"; };
		D75CEA671659B15E0047BE0F /* SKClientMsgHandler.h */ = {isa = PBXFileReference; fileEncoding = 4; lastKnownFileType = sourcecode.c.h; path = SKClientMsgHandler.h; sourceTree = "<group>"; };
		D75CEA681659B15E0047BE0F /* SKClientMsgHandler.m */ = {isa = PBXFileReference; fileEncoding = 4; lastKnownFileType = sourcecode.c.objc; path = SKClientMsgHandler.m; sourceTree = "<group>"; };
		D75CEA6B1659B33A0047BE0F /* SKSteamUser.h */ = {isa = PBXFileReference; fileEncoding = 4; lastKnownFileType = sourcecode.c.h; path = SKSteamUser.h; sourceTree = "<group>"; };
		D75CEA6C1659B33A0047BE0F /* SKSteamUser.m */ = {isa = PBXFileReference; fileEncoding = 4; lastKnownFileType = sourcecode.c.objc; path = SKSteamUser.m; sourceTree = "<group>"; };
		D79BDC8B165F072E005171EA /* SKSteamApps.h */ = {isa = PBXFileReference; fileEncoding = 4; lastKnownFileType = sourcecode.c.h; path = SKSteamApps.h; sourceTree = "<group>"; };
		D79BDC8C165F072E005171EA /* SKSteamApps.m */ = {isa = PBXFileReference; fileEncoding = 4; lastKnownFileType = sourcecode.c.objc; path = SKSteamApps.m; sourceTree = "<group>"; };
		D79BDC8F165F082C005171EA /* SKLicence.h */ = {isa = PBXFileReference; fileEncoding = 4; lastKnownFileType = sourcecode.c.h; path = SKLicence.h; sourceTree = "<group>"; };
		D79BDC90165F082C005171EA /* SKLicence.m */ = {isa = PBXFileReference; fileEncoding = 4; lastKnownFileType = sourcecode.c.objc; path = SKLicence.m; sourceTree = "<group>"; };
		D79BDC92165F0980005171EA /* SKLicenceListInfo.h */ = {isa = PBXFileReference; fileEncoding = 4; lastKnownFileType = sourcecode.c.h; path = SKLicenceListInfo.h; sourceTree = "<group>"; };
		D79BDC93165F0981005171EA /* SKLicenceListInfo.m */ = {isa = PBXFileReference; fileEncoding = 4; lastKnownFileType = sourcecode.c.objc; path = SKLicenceListInfo.m; sourceTree = "<group>"; };
		D7A4D2CE165DE5E800DBFBE6 /* SKSteamWalletInfo.h */ = {isa = PBXFileReference; fileEncoding = 4; lastKnownFileType = sourcecode.c.h; path = SKSteamWalletInfo.h; sourceTree = "<group>"; };
		D7A4D2CF165DE5E800DBFBE6 /* SKSteamWalletInfo.m */ = {isa = PBXFileReference; fileEncoding = 4; lastKnownFileType = sourcecode.c.objc; path = SKSteamWalletInfo.m; sourceTree = "<group>"; };
		D7A4D2D1165DE69700DBFBE6 /* SKSteamAccountInfo.h */ = {isa = PBXFileReference; fileEncoding = 4; lastKnownFileType = sourcecode.c.h; path = SKSteamAccountInfo.h; sourceTree = "<group>"; };
		D7A4D2D2165DE69700DBFBE6 /* SKSteamAccountInfo.m */ = {isa = PBXFileReference; fileEncoding = 4; lastKnownFileType = sourcecode.c.objc; path = SKSteamAccountInfo.m; sourceTree = "<group>"; };
		D7A4D2D4165DE92200DBFBE6 /* SKNSNotificationExtensions.h */ = {isa = PBXFileReference; fileEncoding = 4; lastKnownFileType = sourcecode.c.h; path = SKNSNotificationExtensions.h; sourceTree = "<group>"; };
		D7A4D2D5165DE92200DBFBE6 /* SKNSNotificationExtensions.m */ = {isa = PBXFileReference; fileEncoding = 4; lastKnownFileType = sourcecode.c.objc; path = SKNSNotificationExtensions.m; sourceTree = "<group>"; };
		D7A4D2D7165DE9EF00DBFBE6 /* SKSteamLoggedOffInfo.h */ = {isa = PBXFileReference; fileEncoding = 4; lastKnownFileType = sourcecode.c.h; path = SKSteamLoggedOffInfo.h; sourceTree = "<group>"; };
		D7A4D2D8165DE9EF00DBFBE6 /* SKSteamLoggedOffInfo.m */ = {isa = PBXFileReference; fileEncoding = 4; lastKnownFileType = sourcecode.c.objc; path = SKSteamLoggedOffInfo.m; sourceTree = "<group>"; };
		D7A4D2DA165DEB7B00DBFBE6 /* SKSteamFriends.h */ = {isa = PBXFileReference; fileEncoding = 4; lastKnownFileType = sourcecode.c.h; path = SKSteamFriends.h; sourceTree = "<group>"; };
		D7A4D2DB165DEB7C00DBFBE6 /* SKSteamFriends.m */ = {isa = PBXFileReference; fileEncoding = 4; lastKnownFileType = sourcecode.c.objc; path = SKSteamFriends.m; sourceTree = "<group>"; };
		D7A4D2DD165DEBC100DBFBE6 /* _SKFriendsCache.h */ = {isa = PBXFileReference; fileEncoding = 4; lastKnownFileType = sourcecode.c.h; path = _SKFriendsCache.h; sourceTree = "<group>"; };
		D7A4D2DE165DEBC200DBFBE6 /* _SKFriendsCache.m */ = {isa = PBXFileReference; fileEncoding = 4; lastKnownFileType = sourcecode.c.objc; path = _SKFriendsCache.m; sourceTree = "<group>"; };
		D7A4D2E0165DEBD900DBFBE6 /* SKSteamFriend.h */ = {isa = PBXFileReference; fileEncoding = 4; lastKnownFileType = sourcecode.c.h; path = SKSteamFriend.h; sourceTree = "<group>"; };
		D7A4D2E1165DEBDA00DBFBE6 /* SKSteamFriend.m */ = {isa = PBXFileReference; fileEncoding = 4; lastKnownFileType = sourcecode.c.objc; path = SKSteamFriend.m; sourceTree = "<group>"; };
		D7A4D2E3165DEF1400DBFBE6 /* SKSteamClan.h */ = {isa = PBXFileReference; fileEncoding = 4; lastKnownFileType = sourcecode.c.h; path = SKSteamClan.h; sourceTree = "<group>"; };
		D7A4D2E4165DEF1400DBFBE6 /* SKSteamClan.m */ = {isa = PBXFileReference; fileEncoding = 4; lastKnownFileType = sourcecode.c.objc; path = SKSteamClan.m; sourceTree = "<group>"; };
		D7A4D2E6165DF40400DBFBE6 /* SKSteamID.h */ = {isa = PBXFileReference; fileEncoding = 4; lastKnownFileType = sourcecode.c.h; name = SKSteamID.h; path = ../Steam3/Handlers/Model/SKSteamID.h; sourceTree = "<group>"; };
		D7A4D2E7165DF40500DBFBE6 /* SKSteamID.m */ = {isa = PBXFileReference; fileEncoding = 4; lastKnownFileType = sourcecode.c.objc; name = SKSteamID.m; path = ../Steam3/Handlers/Model/SKSteamID.m; sourceTree = "<group>"; };
		D7A4D2E9165DFF8800DBFBE6 /* _SKClientMsg.h */ = {isa = PBXFileReference; fileEncoding = 4; lastKnownFileType = sourcecode.c.h; path = _SKClientMsg.h; sourceTree = "<group>"; };
		D7A4D2EA165DFF8900DBFBE6 /* _SKClientMsg.m */ = {isa = PBXFileReference; fileEncoding = 4; lastKnownFileType = sourcecode.c.objc; path = _SKClientMsg.m; sourceTree = "<group>"; };
		D7A4D2EC165E369100DBFBE6 /* SKSteamChatMessageInfo.h */ = {isa = PBXFileReference; fileEncoding = 4; lastKnownFileType = sourcecode.c.h; path = SKSteamChatMessageInfo.h; sourceTree = "<group>"; };
		D7A4D2ED165E369200DBFBE6 /* SKSteamChatMessageInfo.m */ = {isa = PBXFileReference; fileEncoding = 4; lastKnownFileType = sourcecode.c.objc; path = SKSteamChatMessageInfo.m; sourceTree = "<group>"; };
		D7ACAE9A16586F3D009DC581 /* _SKNetFilterEncryption.h */ = {isa = PBXFileReference; fileEncoding = 4; lastKnownFileType = sourcecode.c.h; name = _SKNetFilterEncryption.h; path = SteamKit/Networking/Steam3/_SKNetFilterEncryption.h; sourceTree = SOURCE_ROOT; };
		D7ACAE9B16586F3D009DC581 /* _SKNetFilterEncryption.m */ = {isa = PBXFileReference; fileEncoding = 4; lastKnownFileType = sourcecode.c.objc; name = _SKNetFilterEncryption.m; path = SteamKit/Networking/Steam3/_SKNetFilterEncryption.m; sourceTree = SOURCE_ROOT; };
		D7ACAE9E16586FE8009DC581 /* NSData+AES.h */ = {isa = PBXFileReference; fileEncoding = 4; lastKnownFileType = sourcecode.c.h; path = "NSData+AES.h"; sourceTree = "<group>"; };
		D7ACAE9F16586FE8009DC581 /* NSData+AES.m */ = {isa = PBXFileReference; fileEncoding = 4; lastKnownFileType = sourcecode.c.objc; path = "NSData+AES.m"; sourceTree = "<group>"; };
		D7ACAEA116587041009DC581 /* _SKConnection.h */ = {isa = PBXFileReference; fileEncoding = 4; lastKnownFileType = sourcecode.c.h; path = _SKConnection.h; sourceTree = "<group>"; };
		D7ACAEA216587041009DC581 /* _SKConnection.m */ = {isa = PBXFileReference; fileEncoding = 4; lastKnownFileType = sourcecode.c.objc; path = _SKConnection.m; sourceTree = "<group>"; };
		D7ACAEA416587056009DC581 /* _SKConnectionDelegate.h */ = {isa = PBXFileReference; lastKnownFileType = sourcecode.c.h; path = _SKConnectionDelegate.h; sourceTree = "<group>"; };
		D7ACAEA71658725F009DC581 /* _SKTCPConnection.h */ = {isa = PBXFileReference; fileEncoding = 4; lastKnownFileType = sourcecode.c.h; path = _SKTCPConnection.h; sourceTree = "<group>"; };
		D7ACAEA81658725F009DC581 /* _SKTCPConnection.m */ = {isa = PBXFileReference; fileEncoding = 4; lastKnownFileType = sourcecode.c.objc; path = _SKTCPConnection.m; sourceTree = "<group>"; };
		D7ACAEB316587A9A009DC581 /* _SKCMClient.h */ = {isa = PBXFileReference; fileEncoding = 4; lastKnownFileType = sourcecode.c.h; path = _SKCMClient.h; sourceTree = "<group>"; };
		D7ACAEB416587A9A009DC581 /* _SKCMClient.m */ = {isa = PBXFileReference; fileEncoding = 4; lastKnownFileType = sourcecode.c.objc; path = _SKCMClient.m; sourceTree = "<group>"; };
		D7ACAEB916588BF3009DC581 /* Content_manifest.pb.h */ = {isa = PBXFileReference; fileEncoding = 4; lastKnownFileType = sourcecode.c.h; path = Content_manifest.pb.h; sourceTree = "<group>"; };
		D7ACAEBA16588BF3009DC581 /* Content_manifest.pb.m */ = {isa = PBXFileReference; fileEncoding = 4; lastKnownFileType = sourcecode.c.objc; path = Content_manifest.pb.m; sourceTree = "<group>"; };
		D7ACAEBB16588BF3009DC581 /* Encrypted_app_ticket.pb.h */ = {isa = PBXFileReference; fileEncoding = 4; lastKnownFileType = sourcecode.c.h; path = Encrypted_app_ticket.pb.h; sourceTree = "<group>"; };
		D7ACAEBC16588BF3009DC581 /* Encrypted_app_ticket.pb.m */ = {isa = PBXFileReference; fileEncoding = 4; lastKnownFileType = sourcecode.c.objc; path = Encrypted_app_ticket.pb.m; sourceTree = "<group>"; };
		D7ACAEBD16588BF3009DC581 /* Iclient_objects.pb.h */ = {isa = PBXFileReference; fileEncoding = 4; lastKnownFileType = sourcecode.c.h; path = Iclient_objects.pb.h; sourceTree = "<group>"; };
		D7ACAEBE16588BF3009DC581 /* Iclient_objects.pb.m */ = {isa = PBXFileReference; fileEncoding = 4; lastKnownFileType = sourcecode.c.objc; path = Iclient_objects.pb.m; sourceTree = "<group>"; };
		D7ACAEBF16588BF3009DC581 /* Steammessages_base.pb.h */ = {isa = PBXFileReference; fileEncoding = 4; lastKnownFileType = sourcecode.c.h; path = Steammessages_base.pb.h; sourceTree = "<group>"; };
		D7ACAEC016588BF3009DC581 /* Steammessages_base.pb.m */ = {isa = PBXFileReference; fileEncoding = 4; lastKnownFileType = sourcecode.c.objc; path = Steammessages_base.pb.m; sourceTree = "<group>"; };
		D7ACAEC116588BF3009DC581 /* Steammessages_clientserver.pb.h */ = {isa = PBXFileReference; fileEncoding = 4; lastKnownFileType = sourcecode.c.h; path = Steammessages_clientserver.pb.h; sourceTree = "<group>"; };
		D7ACAEC216588BF3009DC581 /* Steammessages_clientserver.pb.m */ = {isa = PBXFileReference; fileEncoding = 4; lastKnownFileType = sourcecode.c.objc; path = Steammessages_clientserver.pb.m; sourceTree = "<group>"; };
		D7ACAEC916588E56009DC581 /* SteamLanguage.h */ = {isa = PBXFileReference; fileEncoding = 4; lastKnownFileType = sourcecode.c.h; path = SteamLanguage.h; sourceTree = "<group>"; };
		D7ACAECB16588E56009DC581 /* SteamLanguageInternal.h */ = {isa = PBXFileReference; fileEncoding = 4; lastKnownFileType = sourcecode.c.h; path = SteamLanguageInternal.h; sourceTree = "<group>"; };
		D7ACAECC16588E56009DC581 /* SteamLanguageInternal.m */ = {isa = PBXFileReference; fileEncoding = 4; lastKnownFileType = sourcecode.c.objc; path = SteamLanguageInternal.m; sourceTree = "<group>"; };
		D7ACAECF16588EFF009DC581 /* _SKMsgUtil.h */ = {isa = PBXFileReference; fileEncoding = 4; lastKnownFileType = sourcecode.c.h; path = _SKMsgUtil.h; sourceTree = "<group>"; };
		D7ACAED016588EFF009DC581 /* _SKMsgUtil.m */ = {isa = PBXFileReference; fileEncoding = 4; lastKnownFileType = sourcecode.c.objc; path = _SKMsgUtil.m; sourceTree = "<group>"; };
		D7ACAED21658A25E009DC581 /* CFNetwork.framework */ = {isa = PBXFileReference; lastKnownFileType = wrapper.framework; name = CFNetwork.framework; path = System/Library/Frameworks/CFNetwork.framework; sourceTree = SDKROOT; };
		D7ACAED41658A262009DC581 /* CoreGraphics.framework */ = {isa = PBXFileReference; lastKnownFileType = wrapper.framework; name = CoreGraphics.framework; path = System/Library/Frameworks/CoreGraphics.framework; sourceTree = SDKROOT; };
		D7ACAED61658A2B4009DC581 /* Security.framework */ = {isa = PBXFileReference; lastKnownFileType = wrapper.framework; name = Security.framework; path = System/Library/Frameworks/Security.framework; sourceTree = SDKROOT; };
		D7ACAEDC1658A900009DC581 /* _SKPacketMsg.h */ = {isa = PBXFileReference; lastKnownFileType = sourcecode.c.h; path = _SKPacketMsg.h; sourceTree = "<group>"; };
		D7ACAEDD1658A967009DC581 /* _SKPlainPacketMsg.h */ = {isa = PBXFileReference; fileEncoding = 4; lastKnownFileType = sourcecode.c.h; path = _SKPlainPacketMsg.h; sourceTree = "<group>"; };
		D7ACAEDE1658A967009DC581 /* _SKPlainPacketMsg.m */ = {isa = PBXFileReference; fileEncoding = 4; lastKnownFileType = sourcecode.c.objc; path = _SKPlainPacketMsg.m; sourceTree = "<group>"; };
		D7ACAEE01658AB79009DC581 /* _SKProtobufPacketMsg.h */ = {isa = PBXFileReference; fileEncoding = 4; lastKnownFileType = sourcecode.c.h; path = _SKProtobufPacketMsg.h; sourceTree = "<group>"; };
		D7ACAEE11658AB7A009DC581 /* _SKProtobufPacketMsg.m */ = {isa = PBXFileReference; fileEncoding = 4; lastKnownFileType = sourcecode.c.objc; path = _SKProtobufPacketMsg.m; sourceTree = "<group>"; };
		D7ACAEE31658AC62009DC581 /* _SKClientPacketMsg.h */ = {isa = PBXFileReference; fileEncoding = 4; lastKnownFileType = sourcecode.c.h; path = _SKClientPacketMsg.h; sourceTree = "<group>"; };
		D7ACAEE41658AC62009DC581 /* _SKClientPacketMsg.m */ = {isa = PBXFileReference; fileEncoding = 4; lastKnownFileType = sourcecode.c.objc; path = _SKClientPacketMsg.m; sourceTree = "<group>"; };
		D7ACAEE61658AED3009DC581 /* _SKPacketMsg.m */ = {isa = PBXFileReference; fileEncoding = 4; lastKnownFileType = sourcecode.c.objc; path = _SKPacketMsg.m; sourceTree = "<group>"; };
		D7ACAEE81658B08A009DC581 /* _SKMsg.h */ = {isa = PBXFileReference; fileEncoding = 4; lastKnownFileType = sourcecode.c.h; path = _SKMsg.h; sourceTree = "<group>"; };
		D7ACAEE91658B08A009DC581 /* _SKMsg.m */ = {isa = PBXFileReference; fileEncoding = 4; lastKnownFileType = sourcecode.c.objc; path = _SKMsg.m; sourceTree = "<group>"; };
		D7ACAEEB1658B0AE009DC581 /* _SKMsgBase.h */ = {isa = PBXFileReference; fileEncoding = 4; lastKnownFileType = sourcecode.c.h; path = _SKMsgBase.h; sourceTree = "<group>"; };
		D7ACAEEC1658B0AE009DC581 /* _SKMsgBase.m */ = {isa = PBXFileReference; fileEncoding = 4; lastKnownFileType = sourcecode.c.objc; path = _SKMsgBase.m; sourceTree = "<group>"; };
		D7ACAEEE1658B555009DC581 /* _SKKeyDictionary.h */ = {isa = PBXFileReference; fileEncoding = 4; lastKnownFileType = sourcecode.c.h; path = _SKKeyDictionary.h; sourceTree = "<group>"; };
		D7ACAEEF1658B555009DC581 /* _SKKeyDictionary.m */ = {isa = PBXFileReference; fileEncoding = 4; lastKnownFileType = sourcecode.c.objc; path = _SKKeyDictionary.m; sourceTree = "<group>"; };
		D7ACAEF11658B693009DC581 /* NSData+RSA.h */ = {isa = PBXFileReference; fileEncoding = 4; lastKnownFileType = sourcecode.c.h; path = "NSData+RSA.h"; sourceTree = "<group>"; };
		D7ACAEF21658B693009DC581 /* NSData+RSA.m */ = {isa = PBXFileReference; fileEncoding = 4; lastKnownFileType = sourcecode.c.objc; path = "NSData+RSA.m"; sourceTree = "<group>"; };
		D7ACAEF41658C30F009DC581 /* libcrypto.a */ = {isa = PBXFileReference; lastKnownFileType = archive.ar; name = libcrypto.a; path = External/OpenSSL/libcrypto.a; sourceTree = "<group>"; };
		D7ACAEF51658C30F009DC581 /* libssl.a */ = {isa = PBXFileReference; lastKnownFileType = archive.ar; name = libssl.a; path = External/OpenSSL/libssl.a; sourceTree = "<group>"; };
		D7ACAEF81658DCA3009DC581 /* libstdc++.dylib */ = {isa = PBXFileReference; lastKnownFileType = "compiled.mach-o.dylib"; name = "libstdc++.dylib"; path = "usr/lib/libstdc++.dylib"; sourceTree = SDKROOT; };
		D7ACAEFA1658DD37009DC581 /* libc++.dylib */ = {isa = PBXFileReference; lastKnownFileType = "compiled.mach-o.dylib"; name = "libc++.dylib"; path = "usr/lib/libc++.dylib"; sourceTree = SDKROOT; };
		D7ACAEFC1658DE45009DC581 /* _SKClientMsgProtobuf.h */ = {isa = PBXFileReference; fileEncoding = 4; lastKnownFileType = sourcecode.c.h; path = _SKClientMsgProtobuf.h; sourceTree = "<group>"; };
		D7ACAEFD1658DE46009DC581 /* _SKClientMsgProtobuf.m */ = {isa = PBXFileReference; fileEncoding = 4; lastKnownFileType = sourcecode.c.objc; path = _SKClientMsgProtobuf.m; sourceTree = "<group>"; };
		D7ACAF001658E6A7009DC581 /* NSData+Multi.h */ = {isa = PBXFileReference; fileEncoding = 4; lastKnownFileType = sourcecode.c.h; path = "NSData+Multi.h"; sourceTree = "<group>"; };
		D7ACAF011658E6A7009DC581 /* NSData+Multi.m */ = {isa = PBXFileReference; fileEncoding = 4; lastKnownFileType = sourcecode.c.objc; path = "NSData+Multi.m"; sourceTree = "<group>"; };
		D7EF39E91655141A0090A8F4 /* libSteamKit.a */ = {isa = PBXFileReference; explicitFileType = archive.ar; includeInIndex = 0; path = libSteamKit.a; sourceTree = BUILT_PRODUCTS_DIR; };
		D7EF39EC1655141A0090A8F4 /* Foundation.framework */ = {isa = PBXFileReference; includeInIndex = 1; lastKnownFileType = wrapper.framework; name = Foundation.framework; path = System/Library/Frameworks/Foundation.framework; sourceTree = SDKROOT; };
		D7EF39F01655141A0090A8F4 /* SteamKit-Prefix.pch */ = {isa = PBXFileReference; lastKnownFileType = sourcecode.c.h; path = "SteamKit-Prefix.pch"; sourceTree = "<group>"; };
		D7EF39F11655141A0090A8F4 /* SteamKit.h */ = {isa = PBXFileReference; lastKnownFileType = sourcecode.c.h; path = SteamKit.h; sourceTree = "<group>"; };
		D7EF39FA1655141A0090A8F4 /* SteamKitTests.octest */ = {isa = PBXFileReference; explicitFileType = wrapper.cfbundle; includeInIndex = 0; path = SteamKitTests.octest; sourceTree = BUILT_PRODUCTS_DIR; };
		D7EF39FB1655141A0090A8F4 /* SenTestingKit.framework */ = {isa = PBXFileReference; includeInIndex = 1; lastKnownFileType = wrapper.framework; name = SenTestingKit.framework; path = Library/Frameworks/SenTestingKit.framework; sourceTree = DEVELOPER_DIR; };
		D7EF39FD1655141A0090A8F4 /* UIKit.framework */ = {isa = PBXFileReference; includeInIndex = 1; lastKnownFileType = wrapper.framework; name = UIKit.framework; path = Library/Frameworks/UIKit.framework; sourceTree = DEVELOPER_DIR; };
		D7EF3A051655141A0090A8F4 /* SKSteamKitTests-Info.plist */ = {isa = PBXFileReference; lastKnownFileType = text.plist.xml; path = "SKSteamKitTests-Info.plist"; sourceTree = "<group>"; };
		D7EF3A071655141A0090A8F4 /* en */ = {isa = PBXFileReference; lastKnownFileType = text.plist.strings; name = en; path = en.lproj/InfoPlist.strings; sourceTree = "<group>"; };
		D7EF3A091655141A0090A8F4 /* SKSteamKitTests.h */ = {isa = PBXFileReference; lastKnownFileType = sourcecode.c.h; path = SKSteamKitTests.h; sourceTree = "<group>"; };
		D7EF3A0A1655141A0090A8F4 /* SKSteamKitTests.m */ = {isa = PBXFileReference; lastKnownFileType = sourcecode.c.objc; path = SKSteamKitTests.m; sourceTree = "<group>"; };
		FE689AFF86AD40838BC97832 /* libPods-SKSteamKit.a */ = {isa = PBXFileReference; explicitFileType = archive.ar; includeInIndex = 0; path = "libPods-SKSteamKit.a"; sourceTree = BUILT_PRODUCTS_DIR; };
/* End PBXFileReference section */

/* Begin PBXFrameworksBuildPhase section */
		D7EF39E61655141A0090A8F4 /* Frameworks */ = {
			isa = PBXFrameworksBuildPhase;
			buildActionMask = 2147483647;
			files = (
				D7EF39ED1655141A0090A8F4 /* Foundation.framework in Frameworks */,
				C7C2897B72CC429EA4662B9C /* libPods-SteamKit.a in Frameworks */,
				D7ACAEF61658C30F009DC581 /* libcrypto.a in Frameworks */,
				D7ACAEF71658C30F009DC581 /* libssl.a in Frameworks */,
			);
			runOnlyForDeploymentPostprocessing = 0;
		};
		D7EF39F61655141A0090A8F4 /* Frameworks */ = {
			isa = PBXFrameworksBuildPhase;
			buildActionMask = 2147483647;
			files = (
				D7252DF71659095100906F78 /* libz.dylib in Frameworks */,
				D7ACAEFB1658DD38009DC581 /* libc++.dylib in Frameworks */,
				D7ACAED71658A2B4009DC581 /* Security.framework in Frameworks */,
				D7ACAED51658A263009DC581 /* CoreGraphics.framework in Frameworks */,
				D7ACAED31658A25F009DC581 /* CFNetwork.framework in Frameworks */,
				D7EF39FC1655141A0090A8F4 /* SenTestingKit.framework in Frameworks */,
				D7EF39FE1655141A0090A8F4 /* UIKit.framework in Frameworks */,
				D7EF39FF1655141A0090A8F4 /* Foundation.framework in Frameworks */,
				D7EF3A021655141A0090A8F4 /* libSteamKit.a in Frameworks */,
				11CE043103064EE2A3ECB65F /* libPods-SteamKitTests.a in Frameworks */,
			);
			runOnlyForDeploymentPostprocessing = 0;
		};
/* End PBXFrameworksBuildPhase section */

/* Begin PBXGroup section */
		D75CEA631659ADFD0047BE0F /* SteamClient */ = {
			isa = PBXGroup;
			children = (
				D75CEA641659AE290047BE0F /* SKSteamClient.h */,
				D75CEA651659AE290047BE0F /* SKSteamClient.m */,
				D75CEA671659B15E0047BE0F /* SKClientMsgHandler.h */,
				D75CEA681659B15E0047BE0F /* SKClientMsgHandler.m */,
				D7A4D2D4165DE92200DBFBE6 /* SKNSNotificationExtensions.h */,
				D7A4D2D5165DE92200DBFBE6 /* SKNSNotificationExtensions.m */,
			);
			path = SteamClient;
			sourceTree = "<group>";
		};
		D75CEA6A1659B3250047BE0F /* Handlers */ = {
			isa = PBXGroup;
			children = (
				D7A4D2CC165DE5B900DBFBE6 /* Model */,
				D75CEA6B1659B33A0047BE0F /* SKSteamUser.h */,
				D75CEA6C1659B33A0047BE0F /* SKSteamUser.m */,
				D7A4D2DA165DEB7B00DBFBE6 /* SKSteamFriends.h */,
				D7A4D2DB165DEB7C00DBFBE6 /* SKSteamFriends.m */,
				D79BDC8B165F072E005171EA /* SKSteamApps.h */,
				D79BDC8C165F072E005171EA /* SKSteamApps.m */,
			);
			path = Handlers;
			sourceTree = "<group>";
		};
		D7A4D2CC165DE5B900DBFBE6 /* Model */ = {
			isa = PBXGroup;
			children = (
				D7A4D2CE165DE5E800DBFBE6 /* SKSteamWalletInfo.h */,
				D7A4D2CF165DE5E800DBFBE6 /* SKSteamWalletInfo.m */,
				D7A4D2D1165DE69700DBFBE6 /* SKSteamAccountInfo.h */,
				D7A4D2D2165DE69700DBFBE6 /* SKSteamAccountInfo.m */,
				D7A4D2D7165DE9EF00DBFBE6 /* SKSteamLoggedOffInfo.h */,
				D7A4D2D8165DE9EF00DBFBE6 /* SKSteamLoggedOffInfo.m */,
				D7A4D2DD165DEBC100DBFBE6 /* _SKFriendsCache.h */,
				D7A4D2DE165DEBC200DBFBE6 /* _SKFriendsCache.m */,
				D7A4D2E0165DEBD900DBFBE6 /* SKSteamFriend.h */,
				D7A4D2E1165DEBDA00DBFBE6 /* SKSteamFriend.m */,
				D7A4D2E3165DEF1400DBFBE6 /* SKSteamClan.h */,
				D7A4D2E4165DEF1400DBFBE6 /* SKSteamClan.m */,
				D7A4D2EC165E369100DBFBE6 /* SKSteamChatMessageInfo.h */,
				D7A4D2ED165E369200DBFBE6 /* SKSteamChatMessageInfo.m */,
				D79BDC8F165F082C005171EA /* SKLicence.h */,
				D79BDC90165F082C005171EA /* SKLicence.m */,
				D79BDC92165F0980005171EA /* SKLicenceListInfo.h */,
				D79BDC93165F0981005171EA /* SKLicenceListInfo.m */,
			);
			path = Model;
			sourceTree = "<group>";
		};
		D7ACAE9716586EDF009DC581 /* Networking */ = {
			isa = PBXGroup;
			children = (
				D7ACAE9816586EE6009DC581 /* Steam3 */,
			);
			path = Networking;
			sourceTree = "<group>";
		};
		D7ACAE9816586EE6009DC581 /* Steam3 */ = {
			isa = PBXGroup;
			children = (
				D7ACAE9A16586F3D009DC581 /* _SKNetFilterEncryption.h */,
				D7ACAE9B16586F3D009DC581 /* _SKNetFilterEncryption.m */,
				D7ACAEA116587041009DC581 /* _SKConnection.h */,
				D7ACAEA216587041009DC581 /* _SKConnection.m */,
				D7ACAEA416587056009DC581 /* _SKConnectionDelegate.h */,
				D7ACAEA71658725F009DC581 /* _SKTCPConnection.h */,
				D7ACAEA81658725F009DC581 /* _SKTCPConnection.m */,
			);
			path = Steam3;
			sourceTree = "<group>";
		};
		D7ACAE9916586EEF009DC581 /* Steam3 */ = {
			isa = PBXGroup;
			children = (
				D75CEA6A1659B3250047BE0F /* Handlers */,
				D75CEA631659ADFD0047BE0F /* SteamClient */,
				D7ACAEB316587A9A009DC581 /* _SKCMClient.h */,
				D7ACAEB416587A9A009DC581 /* _SKCMClient.m */,
				D75CEA621659ADA50047BE0F /* _SKCMClientDelegate.h */,
			);
			path = Steam3;
			sourceTree = "<group>";
		};
		D7ACAE9D16586FA5009DC581 /* Crypto */ = {
			isa = PBXGroup;
			children = (
				D7ACAE9E16586FE8009DC581 /* NSData+AES.h */,
				D7ACAE9F16586FE8009DC581 /* NSData+AES.m */,
				D7ACAEEE1658B555009DC581 /* _SKKeyDictionary.h */,
				D7ACAEEF1658B555009DC581 /* _SKKeyDictionary.m */,
				D7ACAEF11658B693009DC581 /* NSData+RSA.h */,
				D7ACAEF21658B693009DC581 /* NSData+RSA.m */,
			);
			path = Crypto;
			sourceTree = "<group>";
		};
		D7ACAEB716588BB2009DC581 /* Messages */ = {
			isa = PBXGroup;
			children = (
				D7ACAEC816588BFE009DC581 /* SteamLanguage */,
				D7ACAEB816588BC8009DC581 /* Steamclient */,
				D7ACAECF16588EFF009DC581 /* _SKMsgUtil.h */,
				D7ACAED016588EFF009DC581 /* _SKMsgUtil.m */,
				D7ACAEDC1658A900009DC581 /* _SKPacketMsg.h */,
				D7ACAEE61658AED3009DC581 /* _SKPacketMsg.m */,
				D7ACAEDD1658A967009DC581 /* _SKPlainPacketMsg.h */,
				D7ACAEDE1658A967009DC581 /* _SKPlainPacketMsg.m */,
				D7ACAEE01658AB79009DC581 /* _SKProtobufPacketMsg.h */,
				D7ACAEE11658AB7A009DC581 /* _SKProtobufPacketMsg.m */,
				D7ACAEE31658AC62009DC581 /* _SKClientPacketMsg.h */,
				D7ACAEE41658AC62009DC581 /* _SKClientPacketMsg.m */,
				D7ACAEE81658B08A009DC581 /* _SKMsg.h */,
				D7ACAEE91658B08A009DC581 /* _SKMsg.m */,
				D7ACAEEB1658B0AE009DC581 /* _SKMsgBase.h */,
				D7ACAEEC1658B0AE009DC581 /* _SKMsgBase.m */,
				D7ACAEFC1658DE45009DC581 /* _SKClientMsgProtobuf.h */,
				D7ACAEFD1658DE46009DC581 /* _SKClientMsgProtobuf.m */,
				D7A4D2E9165DFF8800DBFBE6 /* _SKClientMsg.h */,
				D7A4D2EA165DFF8900DBFBE6 /* _SKClientMsg.m */,
			);
			path = Messages;
			sourceTree = "<group>";
		};
		D7ACAEB816588BC8009DC581 /* Steamclient */ = {
			isa = PBXGroup;
			children = (
				D7ACAEB916588BF3009DC581 /* Content_manifest.pb.h */,
				D7ACAEBA16588BF3009DC581 /* Content_manifest.pb.m */,
				D7ACAEBB16588BF3009DC581 /* Encrypted_app_ticket.pb.h */,
				D7ACAEBC16588BF3009DC581 /* Encrypted_app_ticket.pb.m */,
				D7ACAEBD16588BF3009DC581 /* Iclient_objects.pb.h */,
				D7ACAEBE16588BF3009DC581 /* Iclient_objects.pb.m */,
				D7ACAEBF16588BF3009DC581 /* Steammessages_base.pb.h */,
				D7ACAEC016588BF3009DC581 /* Steammessages_base.pb.m */,
				D7ACAEC116588BF3009DC581 /* Steammessages_clientserver.pb.h */,
				D7ACAEC216588BF3009DC581 /* Steammessages_clientserver.pb.m */,
			);
			name = Steamclient;
			path = SteamClient;
			sourceTree = "<group>";
		};
		D7ACAEC816588BFE009DC581 /* SteamLanguage */ = {
			isa = PBXGroup;
			children = (
				D7ACAEC916588E56009DC581 /* SteamLanguage.h */,
				D7ACAECB16588E56009DC581 /* SteamLanguageInternal.h */,
				D7ACAECC16588E56009DC581 /* SteamLanguageInternal.m */,
			);
			path = SteamLanguage;
			sourceTree = "<group>";
		};
		D7ACAEFF1658E664009DC581 /* Util */ = {
			isa = PBXGroup;
			children = (
				D7A4D2E6165DF40400DBFBE6 /* SKSteamID.h */,
				D7A4D2E7165DF40500DBFBE6 /* SKSteamID.m */,
				D7ACAF001658E6A7009DC581 /* NSData+Multi.h */,
				D7ACAF011658E6A7009DC581 /* NSData+Multi.m */,
			);
			path = Util;
			sourceTree = "<group>";
		};
		D7EF39DE1655141A0090A8F4 = {
			isa = PBXGroup;
			children = (
				D7252DF61659095100906F78 /* libz.dylib */,
				D7EF39EE1655141A0090A8F4 /* SteamKit */,
				D7EF3A031655141A0090A8F4 /* SteamKitTests */,
				D7EF39EB1655141A0090A8F4 /* Frameworks */,
				D7EF39EA1655141A0090A8F4 /* Products */,
				60A2AC1A72F9405D8DD71EE9 /* Pods-SteamKitTests.xcconfig */,
				9EAB68B889E045F683D76BA3 /* Pods-SteamKit.xcconfig */,
			);
			sourceTree = "<group>";
		};
		D7EF39EA1655141A0090A8F4 /* Products */ = {
			isa = PBXGroup;
			children = (
				D7EF39E91655141A0090A8F4 /* libSteamKit.a */,
				D7EF39FA1655141A0090A8F4 /* SteamKitTests.octest */,
			);
			name = Products;
			sourceTree = "<group>";
		};
		D7EF39EB1655141A0090A8F4 /* Frameworks */ = {
			isa = PBXGroup;
			children = (
				D7ACAEFA1658DD37009DC581 /* libc++.dylib */,
				D7ACAEF81658DCA3009DC581 /* libstdc++.dylib */,
				D7ACAEF41658C30F009DC581 /* libcrypto.a */,
				D7ACAEF51658C30F009DC581 /* libssl.a */,
				D7ACAED61658A2B4009DC581 /* Security.framework */,
				D7ACAED41658A262009DC581 /* CoreGraphics.framework */,
				D7ACAED21658A25E009DC581 /* CFNetwork.framework */,
				D7EF39EC1655141A0090A8F4 /* Foundation.framework */,
				D7EF39FB1655141A0090A8F4 /* SenTestingKit.framework */,
				D7EF39FD1655141A0090A8F4 /* UIKit.framework */,
				26D82D9E0EA24D618B10AA80 /* libPods-SKSteamKitTests.a */,
				FE689AFF86AD40838BC97832 /* libPods-SKSteamKit.a */,
				2ACE8B7CDBFE4993B27795B5 /* libPods-SteamKitTests.a */,
				430E9EC2A7ED4B04B3AFEDD4 /* libPods-SteamKit.a */,
			);
			name = Frameworks;
			sourceTree = "<group>";
		};
		D7EF39EE1655141A0090A8F4 /* SteamKit */ = {
			isa = PBXGroup;
			children = (
				D7ACAEFF1658E664009DC581 /* Util */,
				D7ACAEB716588BB2009DC581 /* Messages */,
				D7ACAE9D16586FA5009DC581 /* Crypto */,
				D7ACAE9916586EEF009DC581 /* Steam3 */,
				D7ACAE9716586EDF009DC581 /* Networking */,
				D7EF39F11655141A0090A8F4 /* SteamKit.h */,
				D7EF39EF1655141A0090A8F4 /* Supporting Files */,
			);
			path = SteamKit;
			sourceTree = "<group>";
		};
		D7EF39EF1655141A0090A8F4 /* Supporting Files */ = {
			isa = PBXGroup;
			children = (
				D7EF39F01655141A0090A8F4 /* SteamKit-Prefix.pch */,
			);
			name = "Supporting Files";
			sourceTree = "<group>";
		};
		D7EF3A031655141A0090A8F4 /* SteamKitTests */ = {
			isa = PBXGroup;
			children = (
				D7EF3A091655141A0090A8F4 /* SKSteamKitTests.h */,
				D7EF3A0A1655141A0090A8F4 /* SKSteamKitTests.m */,
				D7EF3A041655141A0090A8F4 /* Supporting Files */,
			);
			path = SteamKitTests;
			sourceTree = "<group>";
		};
		D7EF3A041655141A0090A8F4 /* Supporting Files */ = {
			isa = PBXGroup;
			children = (
				D7EF3A051655141A0090A8F4 /* SKSteamKitTests-Info.plist */,
				D7EF3A061655141A0090A8F4 /* InfoPlist.strings */,
			);
			name = "Supporting Files";
			sourceTree = "<group>";
		};
/* End PBXGroup section */

/* Begin PBXNativeTarget section */
		D7EF39E81655141A0090A8F4 /* SteamKit */ = {
			isa = PBXNativeTarget;
			buildConfigurationList = D7EF3A0E1655141A0090A8F4 /* Build configuration list for PBXNativeTarget "SteamKit" */;
			buildPhases = (
				D7EF39E51655141A0090A8F4 /* Sources */,
				D7EF39E61655141A0090A8F4 /* Frameworks */,
				D7EF39E71655141A0090A8F4 /* CopyFiles */,
				8EB4D178D66E497F83767002 /* Copy Pods Resources */,
				CA7F071C7FA64BD3A0B122B9 /* Copy Pods Resources */,
			);
			buildRules = (
			);
			dependencies = (
			);
			name = SteamKit;
			productName = SKSteamKit;
			productReference = D7EF39E91655141A0090A8F4 /* libSteamKit.a */;
			productType = "com.apple.product-type.library.static";
		};
		D7EF39F91655141A0090A8F4 /* SteamKitTests */ = {
			isa = PBXNativeTarget;
			buildConfigurationList = D7EF3A111655141A0090A8F4 /* Build configuration list for PBXNativeTarget "SteamKitTests" */;
			buildPhases = (
				D7EF39F51655141A0090A8F4 /* Sources */,
				D7EF39F61655141A0090A8F4 /* Frameworks */,
				D7EF39F71655141A0090A8F4 /* Resources */,
				D7EF39F81655141A0090A8F4 /* ShellScript */,
				BF996BF9F0764B5494D5A44C /* Copy Pods Resources */,
				B64F274A634D4436B309AE84 /* Copy Pods Resources */,
			);
			buildRules = (
			);
			dependencies = (
				D7EF3A011655141A0090A8F4 /* PBXTargetDependency */,
			);
			name = SteamKitTests;
			productName = SKSteamKitTests;
			productReference = D7EF39FA1655141A0090A8F4 /* SteamKitTests.octest */;
			productType = "com.apple.product-type.bundle";
		};
/* End PBXNativeTarget section */

/* Begin PBXProject section */
		D7EF39E01655141A0090A8F4 /* Project object */ = {
			isa = PBXProject;
			attributes = {
				LastUpgradeCheck = 0450;
				ORGANIZATIONNAME = OpenSteamWorks;
			};
			buildConfigurationList = D7EF39E31655141A0090A8F4 /* Build configuration list for PBXProject "SKSteamKit" */;
			compatibilityVersion = "Xcode 3.2";
			developmentRegion = English;
			hasScannedForEncodings = 0;
			knownRegions = (
				en,
			);
			mainGroup = D7EF39DE1655141A0090A8F4;
			productRefGroup = D7EF39EA1655141A0090A8F4 /* Products */;
			projectDirPath = "";
			projectRoot = "";
			targets = (
				D7EF39E81655141A0090A8F4 /* SteamKit */,
				D7EF39F91655141A0090A8F4 /* SteamKitTests */,
			);
		};
/* End PBXProject section */

/* Begin PBXResourcesBuildPhase section */
		D7EF39F71655141A0090A8F4 /* Resources */ = {
			isa = PBXResourcesBuildPhase;
			buildActionMask = 2147483647;
			files = (
				D7EF3A081655141A0090A8F4 /* InfoPlist.strings in Resources */,
			);
			runOnlyForDeploymentPostprocessing = 0;
		};
/* End PBXResourcesBuildPhase section */

/* Begin PBXShellScriptBuildPhase section */
		8EB4D178D66E497F83767002 /* Copy Pods Resources */ = {
			isa = PBXShellScriptBuildPhase;
			buildActionMask = 2147483647;
			files = (
			);
			inputPaths = (
			);
			name = "Copy Pods Resources";
			outputPaths = (
			);
			runOnlyForDeploymentPostprocessing = 0;
			shellPath = /bin/sh;
			shellScript = "\"${SRCROOT}/Pods/Pods-SteamKit-resources.sh\"\n";
		};
		B64F274A634D4436B309AE84 /* Copy Pods Resources */ = {
			isa = PBXShellScriptBuildPhase;
			buildActionMask = 2147483647;
			files = (
			);
			inputPaths = (
			);
			name = "Copy Pods Resources";
			outputPaths = (
			);
			runOnlyForDeploymentPostprocessing = 0;
			shellPath = /bin/sh;
			shellScript = "\"${SRCROOT}/Pods/Pods-SteamKitTests-resources.sh\"\n";
		};
		BF996BF9F0764B5494D5A44C /* Copy Pods Resources */ = {
			isa = PBXShellScriptBuildPhase;
			buildActionMask = 2147483647;
			files = (
			);
			inputPaths = (
			);
			name = "Copy Pods Resources";
			outputPaths = (
			);
			runOnlyForDeploymentPostprocessing = 0;
			shellPath = /bin/sh;
			shellScript = "\"${SRCROOT}/Pods/Pods-SteamKitTests-resources.sh\"\n";
		};
		CA7F071C7FA64BD3A0B122B9 /* Copy Pods Resources */ = {
			isa = PBXShellScriptBuildPhase;
			buildActionMask = 2147483647;
			files = (
			);
			inputPaths = (
			);
			name = "Copy Pods Resources";
			outputPaths = (
			);
			runOnlyForDeploymentPostprocessing = 0;
			shellPath = /bin/sh;
			shellScript = "\"${SRCROOT}/Pods/Pods-SteamKit-resources.sh\"\n";
		};
		D7EF39F81655141A0090A8F4 /* ShellScript */ = {
			isa = PBXShellScriptBuildPhase;
			buildActionMask = 2147483647;
			files = (
			);
			inputPaths = (
			);
			outputPaths = (
			);
			runOnlyForDeploymentPostprocessing = 0;
			shellPath = /bin/sh;
			shellScript = "# Run the unit tests in this test bundle.\n\"${SYSTEM_DEVELOPER_DIR}/Tools/RunUnitTests\"\n";
		};
/* End PBXShellScriptBuildPhase section */

/* Begin PBXSourcesBuildPhase section */
		D7EF39E51655141A0090A8F4 /* Sources */ = {
			isa = PBXSourcesBuildPhase;
			buildActionMask = 2147483647;
			files = (
				D7ACAE9C16586F3D009DC581 /* _SKNetFilterEncryption.m in Sources */,
				D7ACAEA016586FE8009DC581 /* NSData+AES.m in Sources */,
				D7ACAEA316587041009DC581 /* _SKConnection.m in Sources */,
				D7ACAEA91658725F009DC581 /* _SKTCPConnection.m in Sources */,
				D7ACAEB516587A9A009DC581 /* _SKCMClient.m in Sources */,
				D7ACAEC316588BF3009DC581 /* Content_manifest.pb.m in Sources */,
				D7ACAEC416588BF3009DC581 /* Encrypted_app_ticket.pb.m in Sources */,
				D7ACAEC516588BF3009DC581 /* Iclient_objects.pb.m in Sources */,
				D7ACAEC616588BF3009DC581 /* Steammessages_base.pb.m in Sources */,
				D7ACAEC716588BF3009DC581 /* Steammessages_clientserver.pb.m in Sources */,
				D7ACAECE16588E57009DC581 /* SteamLanguageInternal.m in Sources */,
				D7ACAED116588EFF009DC581 /* _SKMsgUtil.m in Sources */,
				D7ACAEDF1658A968009DC581 /* _SKPlainPacketMsg.m in Sources */,
				D7ACAEE21658AB7A009DC581 /* _SKProtobufPacketMsg.m in Sources */,
				D7ACAEE51658AC63009DC581 /* _SKClientPacketMsg.m in Sources */,
				D7ACAEE71658AED3009DC581 /* _SKPacketMsg.m in Sources */,
				D7ACAEEA1658B08B009DC581 /* _SKMsg.m in Sources */,
				D7ACAEED1658B0AF009DC581 /* _SKMsgBase.m in Sources */,
				D7ACAEF01658B555009DC581 /* _SKKeyDictionary.m in Sources */,
				D7ACAEF31658B693009DC581 /* NSData+RSA.m in Sources */,
				D7ACAEFE1658DE47009DC581 /* _SKClientMsgProtobuf.m in Sources */,
				D7ACAF021658E6A7009DC581 /* NSData+Multi.m in Sources */,
				D75CEA661659AE290047BE0F /* SKSteamClient.m in Sources */,
				D75CEA691659B15E0047BE0F /* SKClientMsgHandler.m in Sources */,
				D75CEA6D1659B33A0047BE0F /* SKSteamUser.m in Sources */,
				D7A4D2D0165DE5E800DBFBE6 /* SKSteamWalletInfo.m in Sources */,
				D7A4D2D3165DE69700DBFBE6 /* SKSteamAccountInfo.m in Sources */,
				D7A4D2D6165DE92200DBFBE6 /* SKNSNotificationExtensions.m in Sources */,
				D7A4D2D9165DE9F000DBFBE6 /* SKSteamLoggedOffInfo.m in Sources */,
				D7A4D2DC165DEB7C00DBFBE6 /* SKSteamFriends.m in Sources */,
				D7A4D2DF165DEBC200DBFBE6 /* _SKFriendsCache.m in Sources */,
				D7A4D2E2165DEBDA00DBFBE6 /* SKSteamFriend.m in Sources */,
				D7A4D2E5165DEF1500DBFBE6 /* SKSteamClan.m in Sources */,
				D7A4D2E8165DF40600DBFBE6 /* SKSteamID.m in Sources */,
				D7A4D2EB165DFF8900DBFBE6 /* _SKClientMsg.m in Sources */,
				D7A4D2EE165E369200DBFBE6 /* SKSteamChatMessageInfo.m in Sources */,
				D79BDC8D165F072E005171EA /* SKSteamApps.m in Sources */,
				D79BDC91165F082C005171EA /* SKLicence.m in Sources */,
				D79BDC94165F0981005171EA /* SKLicenceListInfo.m in Sources */,
			);
			runOnlyForDeploymentPostprocessing = 0;
		};
		D7EF39F51655141A0090A8F4 /* Sources */ = {
			isa = PBXSourcesBuildPhase;
			buildActionMask = 2147483647;
			files = (
				D7EF3A0B1655141A0090A8F4 /* SKSteamKitTests.m in Sources */,
			);
			runOnlyForDeploymentPostprocessing = 0;
		};
/* End PBXSourcesBuildPhase section */

/* Begin PBXTargetDependency section */
		D7EF3A011655141A0090A8F4 /* PBXTargetDependency */ = {
			isa = PBXTargetDependency;
			target = D7EF39E81655141A0090A8F4 /* SteamKit */;
			targetProxy = D7EF3A001655141A0090A8F4 /* PBXContainerItemProxy */;
		};
/* End PBXTargetDependency section */

/* Begin PBXVariantGroup section */
		D7EF3A061655141A0090A8F4 /* InfoPlist.strings */ = {
			isa = PBXVariantGroup;
			children = (
				D7EF3A071655141A0090A8F4 /* en */,
			);
			name = InfoPlist.strings;
			sourceTree = "<group>";
		};
/* End PBXVariantGroup section */

/* Begin XCBuildConfiguration section */
		D7EF3A0C1655141A0090A8F4 /* Debug */ = {
			isa = XCBuildConfiguration;
			baseConfigurationReference = 9EAB68B889E045F683D76BA3 /* Pods-SteamKit.xcconfig */;
			buildSettings = {
				ALWAYS_SEARCH_USER_PATHS = YES;
				CLANG_CXX_LANGUAGE_STANDARD = "gnu++0x";
				CLANG_CXX_LIBRARY = "libc++";
				CLANG_ENABLE_OBJC_ARC = YES;
				CLANG_WARN_EMPTY_BODY = YES;
				CLANG_WARN__DUPLICATE_METHOD_MATCH = YES;
				COPY_PHASE_STRIP = NO;
				GCC_C_LANGUAGE_STANDARD = gnu99;
				GCC_DYNAMIC_NO_PIC = NO;
				GCC_OPTIMIZATION_LEVEL = 0;
				GCC_PREPROCESSOR_DEFINITIONS = (
					"DEBUG=1",
					"$(inherited)",
				);
				GCC_SYMBOLS_PRIVATE_EXTERN = NO;
				GCC_WARN_ABOUT_RETURN_TYPE = YES;
				GCC_WARN_UNINITIALIZED_AUTOS = YES;
				GCC_WARN_UNUSED_VARIABLE = YES;
				IPHONEOS_DEPLOYMENT_TARGET = 6.0;
				ONLY_ACTIVE_ARCH = YES;
				SDKROOT = iphoneos;
			};
			name = Debug;
		};
		D7EF3A0D1655141A0090A8F4 /* Release */ = {
			isa = XCBuildConfiguration;
			baseConfigurationReference = 60A2AC1A72F9405D8DD71EE9 /* Pods-SteamKitTests.xcconfig */;
			buildSettings = {
				ALWAYS_SEARCH_USER_PATHS = YES;
				CLANG_CXX_LANGUAGE_STANDARD = "gnu++0x";
				CLANG_CXX_LIBRARY = "libc++";
				CLANG_ENABLE_OBJC_ARC = YES;
				CLANG_WARN_EMPTY_BODY = YES;
				CLANG_WARN__DUPLICATE_METHOD_MATCH = YES;
				COPY_PHASE_STRIP = YES;
				GCC_C_LANGUAGE_STANDARD = gnu99;
				GCC_WARN_ABOUT_RETURN_TYPE = YES;
				GCC_WARN_UNINITIALIZED_AUTOS = YES;
				GCC_WARN_UNUSED_VARIABLE = YES;
				IPHONEOS_DEPLOYMENT_TARGET = 6.0;
				SDKROOT = iphoneos;
				VALIDATE_PRODUCT = YES;
			};
			name = Release;
		};
		D7EF3A0F1655141A0090A8F4 /* Debug */ = {
			isa = XCBuildConfiguration;
			baseConfigurationReference = 9EAB68B889E045F683D76BA3 /* Pods-SteamKit.xcconfig */;
			buildSettings = {
				DSTROOT = /tmp/SKSteamKit.dst;
				GCC_PRECOMPILE_PREFIX_HEADER = YES;
				GCC_PREFIX_HEADER = "SteamKit/SteamKit-Prefix.pch";
				OTHER_LDFLAGS = "-ObjC";
				PRODUCT_NAME = "$(TARGET_NAME)";
				SKIP_INSTALL = YES;
			};
			name = Debug;
		};
		D7EF3A101655141A0090A8F4 /* Release */ = {
			isa = XCBuildConfiguration;
			buildSettings = {
				DSTROOT = /tmp/SKSteamKit.dst;
				GCC_PRECOMPILE_PREFIX_HEADER = YES;
				GCC_PREFIX_HEADER = "SteamKit/SteamKit-Prefix.pch";
				OTHER_LDFLAGS = "-ObjC";
				PRODUCT_NAME = "$(TARGET_NAME)";
				SKIP_INSTALL = YES;
			};
			name = Release;
		};
		D7EF3A121655141A0090A8F4 /* Debug */ = {
			isa = XCBuildConfiguration;
			baseConfigurationReference = 60A2AC1A72F9405D8DD71EE9 /* Pods-SteamKitTests.xcconfig */;
			buildSettings = {
				FRAMEWORK_SEARCH_PATHS = (
					"\"$(SDKROOT)/Developer/Library/Frameworks\"",
					"\"$(DEVELOPER_LIBRARY_DIR)/Frameworks\"",
				);
				GCC_PRECOMPILE_PREFIX_HEADER = YES;
				HEADER_SEARCH_PATHS = "${PODS_HEADERS_SEARCH_PATHS}";
				INFOPLIST_FILE = "SteamKitTests/SKSteamKitTests-Info.plist";
				PRODUCT_NAME = "$(TARGET_NAME)";
				WRAPPER_EXTENSION = octest;
			};
			name = Debug;
		};
		D7EF3A131655141A0090A8F4 /* Release */ = {
			isa = XCBuildConfiguration;
			buildSettings = {
				FRAMEWORK_SEARCH_PATHS = (
					"\"$(SDKROOT)/Developer/Library/Frameworks\"",
					"\"$(DEVELOPER_LIBRARY_DIR)/Frameworks\"",
				);
				GCC_PRECOMPILE_PREFIX_HEADER = YES;
				HEADER_SEARCH_PATHS = "${PODS_HEADERS_SEARCH_PATHS}";
				INFOPLIST_FILE = "SteamKitTests/SKSteamKitTests-Info.plist";
				PRODUCT_NAME = "$(TARGET_NAME)";
				WRAPPER_EXTENSION = octest;
			};
			name = Release;
		};
/* End XCBuildConfiguration section */

/* Begin XCConfigurationList section */
		D7EF39E31655141A0090A8F4 /* Build configuration list for PBXProject "SKSteamKit" */ = {
			isa = XCConfigurationList;
			buildConfigurations = (
				D7EF3A0C1655141A0090A8F4 /* Debug */,
				D7EF3A0D1655141A0090A8F4 /* Release */,
			);
			defaultConfigurationIsVisible = 0;
			defaultConfigurationName = Release;
		};
		D7EF3A0E1655141A0090A8F4 /* Build configuration list for PBXNativeTarget "SteamKit" */ = {
			isa = XCConfigurationList;
			buildConfigurations = (
				D7EF3A0F1655141A0090A8F4 /* Debug */,
				D7EF3A101655141A0090A8F4 /* Release */,
			);
			defaultConfigurationIsVisible = 0;
			defaultConfigurationName = Release;
		};
		D7EF3A111655141A0090A8F4 /* Build configuration list for PBXNativeTarget "SteamKitTests" */ = {
			isa = XCConfigurationList;
			buildConfigurations = (
				D7EF3A121655141A0090A8F4 /* Debug */,
				D7EF3A131655141A0090A8F4 /* Release */,
			);
			defaultConfigurationIsVisible = 0;
			defaultConfigurationName = Release;
		};
/* End XCConfigurationList section */
	};
	rootObject = D7EF39E01655141A0090A8F4 /* Project object */;
}
